{
  "name": "workspace",
  "lockfileVersion": 3,
  "requires": true,
  "packages": {
    "": {
      "dependencies": {
        "opencode-ai": "^1.15.13"
      }
    },
    "node_modules/opencode-ai": {
      "version": "1.15.13",
      "resolved": "http://package-firewall.replit.local/npm/opencode-ai/-/opencode-ai-1.15.13.tgz",
      "integrity": "sha512-9LvgcILITiYPsKrBYSHQYR4ur/WBQYMHN5jEnboa/NVboPyl+WBGgvDHQ2SJasPpBmCAd2YTTorz2uMbcF7Hhw==",
      "cpu": [
        "arm64",
        "x64"
      ],
      "hasInstallScript": true,
      "license": "MIT",
      "os": [
        "darwin",
        "linux",
        "win32"
      ],
      "bin": {
        "opencode": "bin/opencode.exe"
      },
      "optionalDependencies": {
        "opencode-darwin-arm64": "1.15.13",
        "opencode-darwin-x64": "1.15.13",
        "opencode-darwin-x64-baseline": "1.15.13",
        "opencode-linux-arm64": "1.15.13",
        "opencode-linux-arm64-musl": "1.15.13",
        "opencode-linux-x64": "1.15.13",
        "opencode-linux-x64-baseline": "1.15.13",
        "opencode-linux-x64-baseline-musl": "1.15.13",
        "opencode-linux-x64-musl": "1.15.13",
        "opencode-windows-arm64": "1.15.13",
        "opencode-windows-x64": "1.15.13",
        "opencode-windows-x64-baseline": "1.15.13"
      }
    },
    "node_modules/opencode-darwin-arm64": {
      "version": "1.15.13",
      "resolved": "http://package-firewall.replit.local/npm/opencode-darwin-arm64/-/opencode-darwin-arm64-1.15.13.tgz",
      "integrity": "sha512-/6LSBPUdhNdev0JwOOZePOS8QSrH5XPj2bCkZUeoSyab3i0VMFlbW1hyi93pvsyEFd68OwThoAcy9I4f6TGslQ==",
      "cpu": [
        "arm64"
      ],
      "optional": true,
      "os": [
        "darwin"
      ]
    },
    "node_modules/opencode-darwin-x64": {
      "version": "1.15.13",
      "resolved": "http://package-firewall.replit.local/npm/opencode-darwin-x64/-/opencode-darwin-x64-1.15.13.tgz",
      "integrity": "sha512-Qzthj88M8ieMhzuhOi1al6MU0SVyBWWKLtKkmjDabotn+XSlg1dfA2T1Pap5RqV9Z8rH+6LEt4hP4SNFrJGaew==",
      "cpu": [
        "x64"
      ],
      "optional": true,
      "os": [
        "darwin"
      ]
    },
    "node_modules/opencode-darwin-x64-baseline": {
      "version": "1.15.13",
      "resolved": "http://package-firewall.replit.local/npm/opencode-darwin-x64-baseline/-/opencode-darwin-x64-baseline-1.15.13.tgz",
      "integrity": "sha512-8m+1YWHYWyL9/uCZdaSNqPfWIQGxXN0KFUIFFFa/Qa0U8SlJdQd3mjtfxXJ1dJ0oqTMscXiWhHxoNHorANxC1w==",
      "cpu": [
        "x64"
      ],
      "optional": true,
      "os": [
        "darwin"
      ]
    },
    "node_modules/opencode-linux-arm64": {
      "version": "1.15.13",
      "resolved": "http://package-firewall.replit.local/npm/opencode-linux-arm64/-/opencode-linux-arm64-1.15.13.tgz",
      "integrity": "sha512-+2FNiJZgINnJwR/+JKM2i4/BUJAqeVxcLK8z1smkBVjZ45u5m5S/cWijNunPvgETxP6ps1J410KQg1ci2OaixQ==",
      "cpu": [
        "arm64"
      ],
      "optional": true,
      "os": [
        "linux"
      ]
    },
    "node_modules/opencode-linux-arm64-musl": {
      "version": "1.15.13",
      "resolved": "http://package-firewall.replit.local/npm/opencode-linux-arm64-musl/-/opencode-linux-arm64-musl-1.15.13.tgz",
      "integrity": "sha512-gj6Iv6Aui980vh3pXPijhvbAqfnEqjfnVUVGcjoBN5cUgQLt+gndMChlyMF47gnHuwsVAqQ5tKitYLhWl+iNuQ==",
      "cpu": [
        "arm64"
      ],
      "optional": true,
      "os": [
        "linux"
      ]
    },
    "node_modules/opencode-linux-x64": {
      "version": "1.15.13",
      "resolved": "http://package-firewall.replit.local/npm/opencode-linux-x64/-/opencode-linux-x64-1.15.13.tgz",
      "integrity": "sha512-gZrioSPE/aWPAZlaipWEN7GEhAzNEQAogikvbcvVP78nabzkzzl4UKBXemf1YzLG9nRWiWvvWX7uC2hcZGQ1iQ==",
      "cpu": [
        "x64"
      ],
      "optional": true,
      "os": [
        "linux"
      ]
    },
    "node_modules/opencode-linux-x64-baseline": {
      "version": "1.15.13",
      "resolved": "http://package-firewall.replit.local/npm/opencode-linux-x64-baseline/-/opencode-linux-x64-baseline-1.15.13.tgz",
      "integrity": "sha512-2iqNlqtYLUp4ccmhEOAR8OkJnCyUp1AoJGRVkkYFhKIaPwx+kWdmkrr3V9j6uLO5KoPQmJf4M3m6jib+nMbH+w==",
      "cpu": [
        "x64"
      ],
      "optional": true,
      "os": [
        "linux"
      ]
    },
    "node_modules/opencode-linux-x64-baseline-musl": {
      "version": "1.15.13",
      "resolved": "http://package-firewall.replit.local/npm/opencode-linux-x64-baseline-musl/-/opencode-linux-x64-baseline-musl-1.15.13.tgz",
      "integrity": "sha512-qPrKsLg6mO3bkKAOiT4t3AstmOsjm4nNU/7M0dO0xWh61aNQyJOvRPks/bKD6SHqCRkdpRh1Y7ULSoXFsjArUQ==",
      "cpu": [
        "x64"
      ],
      "optional": true,
      "os": [
        "linux"
      ]
    },
    "node_modules/opencode-linux-x64-musl": {
      "version": "1.15.13",
      "resolved": "http://package-firewall.replit.local/npm/opencode-linux-x64-musl/-/opencode-linux-x64-musl-1.15.13.tgz",
      "integrity": "sha512-cU2eBXxn3Ols6lH5VaLaay03SpM7T63L0S/JGXOm1OsYdAjOpw2euziI14sXbWM1z7mkhsUTm/CKfSHyRaWEDA==",
      "cpu": [
        "x64"
      ],
      "optional": true,
      "os": [
        "linux"
      ]
    },
    "node_modules/opencode-windows-arm64": {
      "version": "1.15.13",
      "resolved": "http://package-firewall.replit.local/npm/opencode-windows-arm64/-/opencode-windows-arm64-1.15.13.tgz",
      "integrity": "sha512-DUBCUL/l5oYHuiUEghYRVsrkMkEKtv9uJViwH+YYX/YA/tR+1WuLO+dss0sGyQOPh5NCzYDuPlkjUpFNKuNFkA==",
      "cpu": [
        "arm64"
      ],
      "optional": true,
      "os": [
        "win32"
      ]
    },
    "node_modules/opencode-windows-x64": {
      "version": "1.15.13",
      "resolved": "http://package-firewall.replit.local/npm/opencode-windows-x64/-/opencode-windows-x64-1.15.13.tgz",
      "integrity": "sha512-xGpnwI9QKG0p2BjJ/RGa8ZtTTa5crHfMhc/7RyC1K9Z8hGNA5w0Nl2KOMihzMDsj0vmc7TfTv1He5CIUdaC/oQ==",
      "cpu": [
        "x64"
      ],
      "optional": true,
      "os": [
        "win32"
      ]
    },
    "node_modules/opencode-windows-x64-baseline": {
      "version": "1.15.13",
      "resolved": "http://package-firewall.replit.local/npm/opencode-windows-x64-baseline/-/opencode-windows-x64-baseline-1.15.13.tgz",
      "integrity": "sha512-tAuDGdrHU+ycmjk0kATf5xBKq/Y/4RmWToYbwXA0pE6/D9yObmvzIb1Qt2IShNC2zQujNCnTGRze2M9kXjBpzA==",
      "cpu": [
        "x64"
      ],
      "optional": true,
      "os": [
        "win32"
      ]
    }
  }
}
